
Microsoft Visual Studio Solution File, Format Version 12.00
# Visual Studio Version 17
VisualStudioVersion = 17.13.35806.99 d17.13
MinimumVisualStudioVersion = 10.0.40219.1
Project("{FAE04EC0-301F-11D3-BF4B-00C04F79EFBC}") = "Easy_Shortcut_Maker", "Easy_Shortcut_Maker.csproj", "{2754D476-8C43-4E85-849B-BF4BE32A3144}"
EndProject
Global
	GlobalSection(SolutionConfigurationPlatforms) = preSolution
		Debug|Any CPU = Debug|Any CPU
		Release|Any CPU = Release|Any CPU
	EndGlobalSection
	GlobalSection(ProjectConfigurationPlatforms) = postSolution
		{2754D476-8C43-4E85-849B-BF4BE32A3144}.Debug|Any CPU.ActiveCfg = Debug|Any CPU
		{2754D476-8C43-4E85-849B-BF4BE32A3144}.Debug|Any CPU.Build.0 = Debug|Any CPU
		{2754D476-8C43-4E85-849B-BF4BE32A3144}.Release|Any CPU.ActiveCfg = Release|Any CPU
		{2754D476-8C43-4E85-849B-BF4BE32A3144}.Release|Any CPU.Build.0 = Release|Any CPU
	EndGlobalSection
	GlobalSection(SolutionProperties) = preSolution
		HideSolutionNode = FALSE
	EndGlobalSection
	GlobalSection(ExtensibilityGlobals) = postSolution
		SolutionGuid = {DF89C5B7-36F9-46F1-BECD-09982DBC4B19}
	EndGlobalSection
EndGlobal
